// !$*UTF8*$!
{
	archiveVersion = 1;
	classes = {
	};
	objectVersion = 46;
	objects = {

/* Begin PBXBuildFile section */
		CDB93AC31D98D6090027EF76 /* main.m in Sources */ = {isa = PBXBuildFile; fileRef = CDB93AC21D98D6090027EF76 /* main.m */; };
		CDB93AC61D98D6090027EF76 /* AppDelegate.m in Sources */ = {isa = PBXBuildFile; fileRef = CDB93AC51D98D6090027EF76 /* AppDelegate.m */; };
		CDB93AC91D98D6090027EF76 /* ViewController.m in Sources */ = {isa = PBXBuildFile; fileRef = CDB93AC81D98D6090027EF76 /* ViewController.m */; };
		CDB93ACC1D98D6090027EF76 /* Main.storyboard in Resources */ = {isa = PBXBuildFile; fileRef = CDB93ACA1D98D6090027EF76 /* Main.storyboard */; };
		CDB93ACE1D98D6090027EF76 /* Assets.xcassets in Resources */ = {isa = PBXBuildFile; fileRef = CDB93ACD1D98D6090027EF76 /* Assets.xcassets */; };
		CDB93AD11D98D6090027EF76 /* LaunchScreen.storyboard in Resources */ = {isa = PBXBuildFile; fileRef = CDB93ACF1D98D6090027EF76 /* LaunchScreen.storyboard */; };
		CDB93ADA1D98D72D0027EF76 /* OrderViewController.m in Sources */ = {isa = PBXBuildFile; fileRef = CDB93AD91D98D72D0027EF76 /* OrderViewController.m */; };
		CDB93AE21D98E05A0027EF76 /* appIcon.png in Resources */ = {isa = PBXBuildFile; fileRef = CDB93AE11D98E05A0027EF76 /* appIcon.png */; };
/* End PBXBuildFile section */

/* Begin PBXFileReference section */
		CDB93ABE1D98D6090027EF76 /* Navigation1to1.app */ = {isa = PBXFileReference; explicitFileType = wrapper.application; includeInIndex = 0; path = Navigation1to1.app; sourceTree = BUILT_PRODUCTS_DIR; };
		CDB93AC21D98D6090027EF76 /* main.m */ = {isa = PBXFileReference; lastKnownFileType = sourcecode.c.objc; path = main.m; sourceTree = "<group>"; };
		CDB93AC41D98D6090027EF76 /* AppDelegate.h */ = {isa = PBXFileReference; lastKnownFileType = sourcecode.c.h; path = AppDelegate.h; sourceTree = "<group>"; };
		CDB93AC51D98D6090027EF76 /* AppDelegate.m */ = {isa = PBXFileReference; lastKnownFileType = sourcecode.c.objc; path = AppDelegate.m; sourceTree = "<group>"; };
		CDB93AC71D98D6090027EF76 /* ViewController.h */ = {isa = PBXFileReference; lastKnownFileType = sourcecode.c.h; path = ViewController.h; sourceTree = "<group>"; };
		CDB93AC81D98D6090027EF76 /* ViewController.m */ = {isa = PBXFileReference; lastKnownFileType = sourcecode.c.objc; path = ViewController.m; sourceTree = "<group>"; };
		CDB93ACB1D98D6090027EF76 /* Base */ = {isa = PBXFileReference; lastKnownFileType = file.storyboard; name = Base; path = Base.lproj/Main.storyboard; sourceTree = "<group>"; };
		CDB93ACD1D98D6090027EF76 /* Assets.xcassets */ = {isa = PBXFileReference; lastKnownFileType = folder.assetcatalog; path = Assets.xcassets; sourceTree = "<group>"; };
		CDB93AD01D98D6090027EF76 /* Base */ = {isa = PBXFileReference; lastKnownFileType = file.storyboard; name = Base; path = Base.lproj/LaunchScreen.storyboard; sourceTree = "<group>"; };
		CDB93AD21D98D6090027EF76 /* Info.plist */ = {isa = PBXFileReference; lastKnownFileType = text.plist.xml; path = Info.plist; sourceTree = "<group>"; };
		CDB93AD81D98D72D0027EF76 /* OrderViewController.h */ = {isa = PBXFileReference; fileEncoding = 4; lastKnownFileType = sourcecode.c.h; path = OrderViewController.h; sourceTree = "<group>"; };
		CDB93AD91D98D72D0027EF76 /* OrderViewController.m */ = {isa = PBXFileReference; fileEncoding = 4; lastKnownFileType = sourcecode.c.objc; path = OrderViewController.m; sourceTree = "<group>"; };
		CDB93AE11D98E05A0027EF76 /* appIcon.png */ = {isa = PBXFileReference; lastKnownFileType = image.png; path = appIcon.png; sourceTree = "<group>"; };
/* End PBXFileReference section */

/* Begin PBXFrameworksBuildPhase section */
		CDB93ABB1D98D6090027EF76 /* Frameworks */ = {
			isa = PBXFrameworksBuildPhase;
			buildActionMask = 2147483647;
			files = (
			);
			runOnlyForDeploymentPostprocessing = 0;
		};
/* End PBXFrameworksBuildPhase section */

/* Begin PBXGroup section */
		CDB93AB51D98D6090027EF76 = {
			isa = PBXGroup;
			children = (
				CDB93AC01D98D6090027EF76 /* Navigation1to1 */,
				CDB93ABF1D98D6090027EF76 /* Products */,
			);
			sourceTree = "<group>";
		};
		CDB93ABF1D98D6090027EF76 /* Products */ = {
			isa = PBXGroup;
			children = (
				CDB93ABE1D98D6090027EF76 /* Navigation1to1.app */,
			);
			name = Products;
			sourceTree = "<group>";
		};
		CDB93AC01D98D6090027EF76 /* Navigation1to1 */ = {
			isa = PBXGroup;
			children = (
				CDB93AC41D98D6090027EF76 /* AppDelegate.h */,
				CDB93AC51D98D6090027EF76 /* AppDelegate.m */,
				CDB93AC71D98D6090027EF76 /* ViewController.h */,
				CDB93AC81D98D6090027EF76 /* ViewController.m */,
				CDB93AD81D98D72D0027EF76 /* OrderViewController.h */,
				CDB93AD91D98D72D0027EF76 /* OrderViewController.m */,
				CDB93ACA1D98D6090027EF76 /* Main.storyboard */,
				CDB93ACD1D98D6090027EF76 /* Assets.xcassets */,
				CDB93ACF1D98D6090027EF76 /* LaunchScreen.storyboard */,
				CDB93AD21D98D6090027EF76 /* Info.plist */,
				CDB93AC11D98D6090027EF76 /* Supporting Files */,
			);
			path = Navigation1to1;
			sourceTree = "<group>";
		};
		CDB93AC11D98D6090027EF76 /* Supporting Files */ = {
			isa = PBXGroup;
			children = (
				CDB93AE11D98E05A0027EF76 /* appIcon.png */,
				CDB93AC21D98D6090027EF76 /* main.m */,
			);
			name = "Supporting Files";
			sourceTree = "<group>";
		};
/* End PBXGroup section */

/* Begin PBXNativeTarget section */
		CDB93ABD1D98D6090027EF76 /* Navigation1to1 */ = {
			isa = PBXNativeTarget;
			buildConfigurationList = CDB93AD51D98D6090027EF76 /* Build configuration list for PBXNativeTarget "Navigation1to1" */;
			buildPhases = (
				CDB93ABA1D98D6090027EF76 /* Sources */,
				CDB93ABB1D98D6090027EF76 /* Frameworks */,
				CDB93ABC1D98D6090027EF76 /* Resources */,
			);
			buildRules = (
			);
			dependencies = (
			);
			name = Navigation1to1;
			productName = Navigation1to1;
			productReference = CDB93ABE1D98D6090027EF76 /* Navigation1to1.app */;
			productType = "com.apple.product-type.application";
		};
/* End PBXNativeTarget section */

/* Begin PBXProject section */
		CDB93AB61D98D6090027EF76 /* Project object */ = {
			isa = PBXProject;
			attributes = {
				LastUpgradeCheck = 0730;
				ORGANIZATIONNAME = SWUComputer;
				TargetAttributes = {
					CDB93ABD1D98D6090027EF76 = {
						CreatedOnToolsVersion = 7.3.1;
					};
				};
			};
			buildConfigurationList = CDB93AB91D98D6090027EF76 /* Build configuration list for PBXProject "Navigation1to1" */;
			compatibilityVersion = "Xcode 3.2";
			developmentRegion = English;
			hasScannedForEncodings = 0;
			knownRegions = (
				en,
				Base,
			);
			mainGroup = CDB93AB51D98D6090027EF76;
			productRefGroup = CDB93ABF1D98D6090027EF76 /* Products */;
			projectDirPath = "";
			projectRoot = "";
			targets = (
				CDB93ABD1D98D6090027EF76 /* Navigation1to1 */,
			);
		};
/* End PBXProject section */

/* Begin PBXResourcesBuildPhase section */
		CDB93ABC1D98D6090027EF76 /* Resources */ = {
			isa = PBXResourcesBuildPhase;
			buildActionMask = 2147483647;
			files = (
				CDB93AE21D98E05A0027EF76 /* appIcon.png in Resources */,
				CDB93AD11D98D6090027EF76 /* LaunchScreen.storyboard in Resources */,
				CDB93ACE1D98D6090027EF76 /* Assets.xcassets in Resources */,
				CDB93ACC1D98D6090027EF76 /* Main.storyboard in Resources */,
			);
			runOnlyForDeploymentPostprocessing = 0;
		};
/* End PBXResourcesBuildPhase section */

/* Begin PBXSourcesBuildPhase section */
		CDB93ABA1D98D6090027EF76 /* Sources */ = {
			isa = PBXSourcesBuildPhase;
			buildActionMask = 2147483647;
			files = (
				CDB93AC91D98D6090027EF76 /* ViewController.m in Sources */,
				CDB93AC61D98D6090027EF76 /* AppDelegate.m in Sources */,
				CDB93AC31D98D6090027EF76 /* main.m in Sources */,
				CDB93ADA1D98D72D0027EF76 /* OrderViewController.m in Sources */,
			);
			runOnlyForDeploymentPostprocessing = 0;
		};
/* End PBXSourcesBuildPhase section */

/* Begin PBXVariantGroup section */
		CDB93ACA1D98D6090027EF76 /* Main.storyboard */ = {
			isa = PBXVariantGroup;
			children = (
				CDB93ACB1D98D6090027EF76 /* Base */,
			);
			name = Main.storyboard;
			sourceTree = "<group>";
		};
		CDB93ACF1D98D6090027EF76 /* LaunchScreen.storyboard */ = {
			isa = PBXVariantGroup;
			children = (
				CDB93AD01D98D6090027EF76 /* Base */,
			);
			name = LaunchScreen.storyboard;
			sourceTree = "<group>";
		};
/* End PBXVariantGroup section */

/* Begin XCBuildConfiguration section */
		CDB93AD31D98D6090027EF76 /* Debug */ = {
			isa = XCBuildConfiguration;
			buildSettings = {
				ALWAYS_SEARCH_USER_PATHS = NO;
				CLANG_ANALYZER_NONNULL = YES;
				CLANG_CXX_LANGUAGE_STANDARD = "gnu++0x";
				CLANG_CXX_LIBRARY = "libc++";
				CLANG_ENABLE_MODULES = YES;
				CLANG_ENABLE_OBJC_ARC = YES;
				CLANG_WARN_BOOL_CONVERSION = YES;
				CLANG_WARN_CONSTANT_CONVERSION = YES;
				CLANG_WARN_DIRECT_OBJC_ISA_USAGE = YES_ERROR;
				CLANG_WARN_EMPTY_BODY = YES;
				CLANG_WARN_ENUM_CONVERSION = YES;
				CLANG_WARN_INT_CONVERSION = YES;
				CLANG_WARN_OBJC_ROOT_CLASS = YES_ERROR;
				CLANG_WARN_UNREACHABLE_CODE = YES;
				CLANG_WARN__DUPLICATE_METHOD_MATCH = YES;
				"CODE_SIGN_IDENTITY[sdk=iphoneos*]" = "iPhone Developer";
				COPY_PHASE_STRIP = NO;
				DEBUG_INFORMATION_FORMAT = dwarf;
				ENABLE_STRICT_OBJC_MSGSEND = YES;
				ENABLE_TESTABILITY = YES;
				GCC_C_LANGUAGE_STANDARD = gnu99;
				GCC_DYNAMIC_NO_PIC = NO;
				GCC_NO_COMMON_BLOCKS = YES;
				GCC_OPTIMIZATION_LEVEL = 0;
				GCC_PREPROCESSOR_DEFINITIONS = (
					"DEBUG=1",
					"$(inherited)",
				);
				GCC_WARN_64_TO_32_BIT_CONVERSION = YES;
				GCC_WARN_ABOUT_RETURN_TYPE = YES_ERROR;
				GCC_WARN_UNDECLARED_SELECTOR = YES;
				GCC_WARN_UNINITIALIZED_AUTOS = YES_AGGRESSIVE;
				GCC_WARN_UNUSED_FUNCTION = YES;
				GCC_WARN_UNUSED_VARIABLE = YES;
				IPHONEOS_DEPLOYMENT_TARGET = 9.3;
				MTL_ENABLE_DEBUG_INFO = YES;
				ONLY_ACTIVE_ARCH = YES;
				SDKROOT = iphoneos;
			};
			name = Debug;
		};
		CDB93AD41D98D6090027EF76 /* Release */ = {
			isa = XCBuildConfiguration;
			buildSettings = {
				ALWAYS_SEARCH_USER_PATHS = NO;
				CLANG_ANALYZER_NONNULL = YES;
				CLANG_CXX_LANGUAGE_STANDARD = "gnu++0x";
				CLANG_CXX_LIBRARY = "libc++";
				CLANG_ENABLE_MODULES = YES;
				CLANG_ENABLE_OBJC_ARC = YES;
				CLANG_WARN_BOOL_CONVERSION = YES;
				CLANG_WARN_CONSTANT_CONVERSION = YES;
				CLANG_WARN_DIRECT_OBJC_ISA_USAGE = YES_ERROR;
				CLANG_WARN_EMPTY_BODY = YES;
				CLANG_WARN_ENUM_CONVERSION = YES;
				CLANG_WARN_INT_CONVERSION = YES;
				CLANG_WARN_OBJC_ROOT_CLASS = YES_ERROR;
				CLANG_WARN_UNREACHABLE_CODE = YES;
				CLANG_WARN__DUPLICATE_METHOD_MATCH = YES;
				"CODE_SIGN_IDENTITY[sdk=iphoneos*]" = "iPhone Developer";
				COPY_PHASE_STRIP = NO;
				DEBUG_INFORMATION_FORMAT = "dwarf-with-dsym";
				ENABLE_NS_ASSERTIONS = NO;
				ENABLE_STRICT_OBJC_MSGSEND = YES;
				GCC_C_LANGUAGE_STANDARD = gnu99;
				GCC_NO_COMMON_BLOCKS = YES;
				GCC_WARN_64_TO_32_BIT_CONVERSION = YES;
				GCC_WARN_ABOUT_RETURN_TYPE = YES_ERROR;
				GCC_WARN_UNDECLARED_SELECTOR = YES;
				GCC_WARN_UNINITIALIZED_AUTOS = YES_AGGRESSIVE;
				GCC_WARN_UNUSED_FUNCTION = YES;
				GCC_WARN_UNUSED_VARIABLE = YES;
				IPHONEOS_DEPLOYMENT_TARGET = 9.3;
				MTL_ENABLE_DEBUG_INFO = NO;
				SDKROOT = iphoneos;
				VALIDATE_PRODUCT = YES;
			};
			name = Release;
		};
		CDB93AD61D98D6090027EF76 /* Debug */ = {
			isa = XCBuildConfiguration;
			buildSettings = {
				ASSETCATALOG_COMPILER_APPICON_NAME = AppIcon;
				INFOPLIST_FILE = Navigation1to1/Info.plist;
				LD_RUNPATH_SEARCH_PATHS = "$(inherited) @executable_path/Frameworks";
				PRODUCT_BUNDLE_IDENTIFIER = swu.ac.kr.Navigation1to1;
				PRODUCT_NAME = "$(TARGET_NAME)";
			};
			name = Debug;
		};
		CDB93AD71D98D6090027EF76 /* Release */ = {
			isa = XCBuildConfiguration;
			buildSettings = {
				ASSETCATALOG_COMPILER_APPICON_NAME = AppIcon;
				INFOPLIST_FILE = Navigation1to1/Info.plist;
				LD_RUNPATH_SEARCH_PATHS = "$(inherited) @executable_path/Frameworks";
				PRODUCT_BUNDLE_IDENTIFIER = swu.ac.kr.Navigation1to1;
				PRODUCT_NAME = "$(TARGET_NAME)";
			};
			name = Release;
		};
/* End XCBuildConfiguration section */

/* Begin XCConfigurationList section */
		CDB93AB91D98D6090027EF76 /* Build configuration list for PBXProject "Navigation1to1" */ = {
			isa = XCConfigurationList;
			buildConfigurations = (
				CDB93AD31D98D6090027EF76 /* Debug */,
				CDB93AD41D98D6090027EF76 /* Release */,
			);
			defaultConfigurationIsVisible = 0;
			defaultConfigurationName = Release;
		};
		CDB93AD51D98D6090027EF76 /* Build configuration list for PBXNativeTarget "Navigation1to1" */ = {
			isa = XCConfigurationList;
			buildConfigurations = (
				CDB93AD61D98D6090027EF76 /* Debug */,
				CDB93AD71D98D6090027EF76 /* Release */,
			);
			defaultConfigurationIsVisible = 0;
		};
/* End XCConfigurationList section */
	};
	rootObject = CDB93AB61D98D6090027EF76 /* Project object */;
}
